{
  "version": 4,
  "terraform_version": "1.3.5",
  "serial": 169,
  "lineage": "c4357cee-c47c-e405-2d01-06515a3ba5dd",
  "outputs": {},
  "resources": [
    {
      "mode": "managed",
      "type": "azurerm_resource_group",
      "name": "cloudLeagueResourceGroup",
      "provider": "provider[\"registry.terraform.io/hashicorp/azurerm\"]",
      "instances": [
        {
          "schema_version": 0,
          "attributes": {
            "id": "/subscriptions/42675650-b369-4b31-8667-dc009a8da13f/resourceGroups/cloudLeagueResourceGroup",
            "location": "eastus",
            "name": "cloudLeagueResourceGroup",
            "tags": {},
            "timeouts": null
          },
          "sensitive_attributes": [],
          "private": "eyJlMmJmYjczMC1lY2FhLTExZTYtOGY4OC0zNDM2M2JjN2M0YzAiOnsiY3JlYXRlIjo1NDAwMDAwMDAwMDAwLCJkZWxldGUiOjU0MDAwMDAwMDAwMDAsInJlYWQiOjMwMDAwMDAwMDAwMCwidXBkYXRlIjo1NDAwMDAwMDAwMDAwfX0="
        }
      ]
    },
    {
      "module": "module.containers",
      "mode": "data",
      "type": "azurerm_container_registry",
      "name": "example",
      "provider": "provider[\"registry.terraform.io/hashicorp/azurerm\"]",
      "instances": [
        {
          "schema_version": 0,
          "attributes": {
            "admin_enabled": true,
            "admin_password": "DncxOA7kJcAISLn063BPZpncdB3tv5Dli6EQt0F19X+ACRCXJ1xN",
            "admin_username": "CloudLeagueCR",
            "data_endpoint_enabled": false,
            "id": "/subscriptions/42675650-b369-4b31-8667-dc009a8da13f/resourceGroups/cloudLeagueResourceGroup/providers/Microsoft.ContainerRegistry/registries/CloudLeagueCR",
            "location": "eastus",
            "login_server": "cloudleaguecr.azurecr.io",
            "name": "CloudLeagueCR",
            "resource_group_name": "cloudLeagueResourceGroup",
            "sku": "Basic",
            "tags": {},
            "timeouts": null
          },
          "sensitive_attributes": []
        }
      ]
    },
    {
      "module": "module.containers",
      "mode": "managed",
      "type": "azurerm_container_group",
      "name": "containerGroup",
      "provider": "provider[\"registry.terraform.io/hashicorp/azurerm\"]",
      "instances": [
        {
          "schema_version": 0,
          "attributes": {
            "container": [
              {
                "commands": [],
                "cpu": 0.5,
                "cpu_limit": 0,
                "environment_variables": {},
                "gpu": [],
                "gpu_limit": [],
                "image": "cloudleaguecr.azurecr.io/nginx-demo",
                "liveness_probe": [],
                "memory": 1.5,
                "memory_limit": 0,
                "name": "hello-world",
                "ports": [
                  {
                    "port": 80,
                    "protocol": "TCP"
                  }
                ],
                "readiness_probe": [],
                "secure_environment_variables": {},
                "volume": []
              }
            ],
            "diagnostics": [],
            "dns_config": [],
            "dns_name_label": "",
            "dns_name_label_reuse_policy": "Unsecure",
            "exposed_port": [
              {
                "port": 80,
                "protocol": "TCP"
              }
            ],
            "fqdn": "",
            "id": "/subscriptions/42675650-b369-4b31-8667-dc009a8da13f/resourceGroups/cloudLeagueResourceGroup/providers/Microsoft.ContainerInstance/containerGroups/containerGroup",
            "identity": [],
            "image_registry_credential": [
              {
                "password": "DncxOA7kJcAISLn063BPZpncdB3tv5Dli6EQt0F19X+ACRCXJ1xN",
                "server": "cloudleaguecr.azurecr.io",
                "user_assigned_identity_id": "",
                "username": "CloudLeagueCR"
              }
            ],
            "init_container": [],
            "ip_address": "20.241.142.212",
            "ip_address_type": "Public",
            "key_vault_key_id": null,
            "location": "eastus",
            "name": "containerGroup",
            "network_profile_id": null,
            "os_type": "Linux",
            "resource_group_name": "cloudLeagueResourceGroup",
            "restart_policy": "Always",
            "subnet_ids": [],
            "tags": {},
            "timeouts": null,
            "zones": []
          },
          "sensitive_attributes": [],
          "private": "eyJlMmJmYjczMC1lY2FhLTExZTYtOGY4OC0zNDM2M2JjN2M0YzAiOnsiY3JlYXRlIjoxODAwMDAwMDAwMDAwLCJkZWxldGUiOjE4MDAwMDAwMDAwMDAsInJlYWQiOjMwMDAwMDAwMDAwMCwidXBkYXRlIjoxODAwMDAwMDAwMDAwfX0=",
          "dependencies": [
            "azurerm_resource_group.cloudLeagueResourceGroup",
            "module.containers.azurerm_container_registry.acr",
            "module.containers.data.azurerm_container_registry.example"
          ]
        }
      ]
    },
    {
      "module": "module.containers",
      "mode": "managed",
      "type": "azurerm_container_registry",
      "name": "acr",
      "provider": "provider[\"registry.terraform.io/hashicorp/azurerm\"]",
      "instances": [
        {
          "schema_version": 2,
          "attributes": {
            "admin_enabled": true,
            "admin_password": "DncxOA7kJcAISLn063BPZpncdB3tv5Dli6EQt0F19X+ACRCXJ1xN",
            "admin_username": "CloudLeagueCR",
            "anonymous_pull_enabled": false,
            "data_endpoint_enabled": false,
            "encryption": [
              {
                "enabled": false,
                "identity_client_id": "",
                "key_vault_key_id": ""
              }
            ],
            "export_policy_enabled": true,
            "georeplications": [],
            "id": "/subscriptions/42675650-b369-4b31-8667-dc009a8da13f/resourceGroups/cloudLeagueResourceGroup/providers/Microsoft.ContainerRegistry/registries/CloudLeagueCR",
            "identity": [],
            "location": "eastus",
            "login_server": "cloudleaguecr.azurecr.io",
            "name": "CloudLeagueCR",
            "network_rule_bypass_option": "AzureServices",
            "network_rule_set": [],
            "public_network_access_enabled": true,
            "quarantine_policy_enabled": false,
            "resource_group_name": "cloudLeagueResourceGroup",
            "retention_policy": [
              {
                "days": 7,
                "enabled": false
              }
            ],
            "sku": "Basic",
            "tags": {},
            "timeouts": null,
            "trust_policy": [
              {
                "enabled": false
              }
            ],
            "zone_redundancy_enabled": false
          },
          "sensitive_attributes": [],
          "private": "eyJlMmJmYjczMC1lY2FhLTExZTYtOGY4OC0zNDM2M2JjN2M0YzAiOnsiY3JlYXRlIjoxODAwMDAwMDAwMDAwLCJkZWxldGUiOjE4MDAwMDAwMDAwMDAsInJlYWQiOjMwMDAwMDAwMDAwMCwidXBkYXRlIjoxODAwMDAwMDAwMDAwfSwic2NoZW1hX3ZlcnNpb24iOiIyIn0=",
          "dependencies": [
            "azurerm_resource_group.cloudLeagueResourceGroup"
          ]
        }
      ]
    },
    {
      "module": "module.virtual-network",
      "mode": "managed",
      "type": "azurerm_subnet",
      "name": "private_subnet1",
      "provider": "provider[\"registry.terraform.io/hashicorp/azurerm\"]",
      "instances": [
        {
          "schema_version": 0,
          "attributes": {
            "address_prefixes": [
              "10.0.1.0/24"
            ],
            "delegation": [],
            "enforce_private_link_endpoint_network_policies": false,
            "enforce_private_link_service_network_policies": false,
            "id": "/subscriptions/42675650-b369-4b31-8667-dc009a8da13f/resourceGroups/cloudLeagueResourceGroup/providers/Microsoft.Network/virtualNetworks/CloudLeague-vnet/subnets/private_subnet1",
            "name": "private_subnet1",
            "private_endpoint_network_policies_enabled": true,
            "private_link_service_network_policies_enabled": true,
            "resource_group_name": "cloudLeagueResourceGroup",
            "service_endpoint_policy_ids": [],
            "service_endpoints": [
              "Microsoft.Sql"
            ],
            "timeouts": null,
            "virtual_network_name": "CloudLeague-vnet"
          },
          "sensitive_attributes": [],
          "private": "eyJlMmJmYjczMC1lY2FhLTExZTYtOGY4OC0zNDM2M2JjN2M0YzAiOnsiY3JlYXRlIjoxODAwMDAwMDAwMDAwLCJkZWxldGUiOjE4MDAwMDAwMDAwMDAsInJlYWQiOjMwMDAwMDAwMDAwMCwidXBkYXRlIjoxODAwMDAwMDAwMDAwfX0=",
          "dependencies": [
            "azurerm_resource_group.cloudLeagueResourceGroup",
            "module.virtual-network.azurerm_virtual_network.vnet"
          ]
        }
      ]
    },
    {
      "module": "module.virtual-network",
      "mode": "managed",
      "type": "azurerm_virtual_network",
      "name": "vnet",
      "provider": "provider[\"registry.terraform.io/hashicorp/azurerm\"]",
      "instances": [
        {
          "schema_version": 0,
          "attributes": {
            "address_space": [
              "10.0.0.0/16"
            ],
            "bgp_community": "",
            "ddos_protection_plan": [],
            "dns_servers": [],
            "edge_zone": "",
            "flow_timeout_in_minutes": 0,
            "guid": "b27ed1b3-d507-4c61-b8f5-ac9276e589e3",
            "id": "/subscriptions/42675650-b369-4b31-8667-dc009a8da13f/resourceGroups/cloudLeagueResourceGroup/providers/Microsoft.Network/virtualNetworks/CloudLeague-vnet",
            "location": "eastus",
            "name": "CloudLeague-vnet",
            "resource_group_name": "cloudLeagueResourceGroup",
            "subnet": [
              {
                "address_prefix": "10.0.1.0/24",
                "id": "/subscriptions/42675650-b369-4b31-8667-dc009a8da13f/resourceGroups/cloudLeagueResourceGroup/providers/Microsoft.Network/virtualNetworks/CloudLeague-vnet/subnets/private_subnet1",
                "name": "private_subnet1",
                "security_group": ""
              }
            ],
            "tags": {
              "Environment": "test",
              "Team": "Cloud-League"
            },
            "timeouts": null
          },
          "sensitive_attributes": [],
          "private": "eyJlMmJmYjczMC1lY2FhLTExZTYtOGY4OC0zNDM2M2JjN2M0YzAiOnsiY3JlYXRlIjoxODAwMDAwMDAwMDAwLCJkZWxldGUiOjE4MDAwMDAwMDAwMDAsInJlYWQiOjMwMDAwMDAwMDAwMCwidXBkYXRlIjoxODAwMDAwMDAwMDAwfX0=",
          "dependencies": [
            "azurerm_resource_group.cloudLeagueResourceGroup"
          ]
        }
      ]
    }
  ],
  "check_results": null
}
