{
  "version": 4,
  "terraform_version": "1.3.5",
  "serial": 191,
  "lineage": "c4357cee-c47c-e405-2d01-06515a3ba5dd",
  "outputs": {},
  "resources": [
    {
      "mode": "managed",
      "type": "azurerm_resource_group",
      "name": "cloudLeagueResourceGroup",
      "provider": "provider[\"registry.terraform.io/hashicorp/azurerm\"]",
      "instances": [
        {
          "schema_version": 0,
          "attributes": {
            "id": "/subscriptions/42675650-b369-4b31-8667-dc009a8da13f/resourceGroups/cloudLeagueResourceGroup",
            "location": "eastus",
            "name": "cloudLeagueResourceGroup",
            "tags": {},
            "timeouts": null
          },
          "sensitive_attributes": [],
          "private": "eyJlMmJmYjczMC1lY2FhLTExZTYtOGY4OC0zNDM2M2JjN2M0YzAiOnsiY3JlYXRlIjo1NDAwMDAwMDAwMDAwLCJkZWxldGUiOjU0MDAwMDAwMDAwMDAsInJlYWQiOjMwMDAwMDAwMDAwMCwidXBkYXRlIjo1NDAwMDAwMDAwMDAwfX0="
        }
      ]
    },
    {
      "module": "module.containers",
      "mode": "data",
      "type": "azurerm_container_registry",
      "name": "example",
      "provider": "provider[\"registry.terraform.io/hashicorp/azurerm\"]",
      "instances": [
        {
          "schema_version": 0,
          "attributes": {
            "admin_enabled": true,
            "admin_password": "Gef3doWbnwKrVLdmK5tInwCTpSjPOQKFycqBS9wB4e+ACRA9/49V",
            "admin_username": "cloudleaguecr",
            "data_endpoint_enabled": false,
            "id": "/subscriptions/42675650-b369-4b31-8667-dc009a8da13f/resourceGroups/cloudLeagueResourceGroup/providers/Microsoft.ContainerRegistry/registries/cloudleaguecr",
            "location": "eastus",
            "login_server": "cloudleaguecr.azurecr.io",
            "name": "cloudleaguecr",
            "resource_group_name": "cloudLeagueResourceGroup",
            "sku": "Basic",
            "tags": {},
            "timeouts": null
          },
          "sensitive_attributes": []
        }
      ]
    },
    {
      "module": "module.containers",
      "mode": "managed",
      "type": "azurerm_container_group",
      "name": "containerGroup",
      "provider": "provider[\"registry.terraform.io/hashicorp/azurerm\"]",
      "instances": [
        {
          "schema_version": 0,
          "attributes": {
            "container": [
              {
                "commands": [],
                "cpu": 0.5,
                "cpu_limit": 0,
                "environment_variables": {},
                "gpu": [],
                "gpu_limit": [],
                "image": "cloudleaguecr.azurecr.io/samples/nginx",
                "liveness_probe": [],
                "memory": 1.5,
                "memory_limit": 0,
                "name": "hello-world",
                "ports": [
                  {
                    "port": 80,
                    "protocol": "TCP"
                  }
                ],
                "readiness_probe": [],
                "secure_environment_variables": {},
                "volume": []
              }
            ],
            "diagnostics": [],
            "dns_config": [],
            "dns_name_label": "",
            "dns_name_label_reuse_policy": "Unsecure",
            "exposed_port": [
              {
                "port": 80,
                "protocol": "TCP"
              }
            ],
            "fqdn": "",
            "id": "/subscriptions/42675650-b369-4b31-8667-dc009a8da13f/resourceGroups/cloudLeagueResourceGroup/providers/Microsoft.ContainerInstance/containerGroups/containerGroup",
            "identity": [],
            "image_registry_credential": [
              {
                "password": "Gef3doWbnwKrVLdmK5tInwCTpSjPOQKFycqBS9wB4e+ACRA9/49V",
                "server": "cloudleaguecr.azurecr.io",
                "user_assigned_identity_id": "",
                "username": "cloudleaguecr"
              }
            ],
            "init_container": [],
            "ip_address": "20.241.233.84",
            "ip_address_type": "Public",
            "key_vault_key_id": null,
            "location": "eastus",
            "name": "containerGroup",
            "network_profile_id": null,
            "os_type": "Linux",
            "resource_group_name": "cloudLeagueResourceGroup",
            "restart_policy": "Always",
            "subnet_ids": [],
            "tags": {},
            "timeouts": null,
            "zones": []
          },
          "sensitive_attributes": [],
          "private": "eyJlMmJmYjczMC1lY2FhLTExZTYtOGY4OC0zNDM2M2JjN2M0YzAiOnsiY3JlYXRlIjoxODAwMDAwMDAwMDAwLCJkZWxldGUiOjE4MDAwMDAwMDAwMDAsInJlYWQiOjMwMDAwMDAwMDAwMCwidXBkYXRlIjoxODAwMDAwMDAwMDAwfX0=",
          "dependencies": [
            "azurerm_resource_group.cloudLeagueResourceGroup",
            "module.containers.azurerm_container_registry.cloud-league-cr",
            "module.containers.data.azurerm_container_registry.example"
          ]
        }
      ]
    },
    {
      "module": "module.containers",
      "mode": "managed",
      "type": "azurerm_container_registry",
      "name": "cloud-league-cr",
      "provider": "provider[\"registry.terraform.io/hashicorp/azurerm\"]",
      "instances": [
        {
          "schema_version": 2,
          "attributes": {
            "admin_enabled": true,
            "admin_password": "Gef3doWbnwKrVLdmK5tInwCTpSjPOQKFycqBS9wB4e+ACRA9/49V",
            "admin_username": "cloudleaguecr",
            "anonymous_pull_enabled": false,
            "data_endpoint_enabled": false,
            "encryption": [
              {
                "enabled": false,
                "identity_client_id": "",
                "key_vault_key_id": ""
              }
            ],
            "export_policy_enabled": true,
            "georeplications": [],
            "id": "/subscriptions/42675650-b369-4b31-8667-dc009a8da13f/resourceGroups/cloudLeagueResourceGroup/providers/Microsoft.ContainerRegistry/registries/cloudleaguecr",
            "identity": [],
            "location": "eastus",
            "login_server": "cloudleaguecr.azurecr.io",
            "name": "cloudleaguecr",
            "network_rule_bypass_option": "AzureServices",
            "network_rule_set": [],
            "public_network_access_enabled": true,
            "quarantine_policy_enabled": false,
            "resource_group_name": "cloudLeagueResourceGroup",
            "retention_policy": [
              {
                "days": 7,
                "enabled": false
              }
            ],
            "sku": "Basic",
            "tags": {},
            "timeouts": null,
            "trust_policy": [
              {
                "enabled": false
              }
            ],
            "zone_redundancy_enabled": false
          },
          "sensitive_attributes": [],
          "private": "eyJlMmJmYjczMC1lY2FhLTExZTYtOGY4OC0zNDM2M2JjN2M0YzAiOnsiY3JlYXRlIjoxODAwMDAwMDAwMDAwLCJkZWxldGUiOjE4MDAwMDAwMDAwMDAsInJlYWQiOjMwMDAwMDAwMDAwMCwidXBkYXRlIjoxODAwMDAwMDAwMDAwfSwic2NoZW1hX3ZlcnNpb24iOiIyIn0=",
          "dependencies": [
            "azurerm_resource_group.cloudLeagueResourceGroup"
          ]
        }
      ]
    },
    {
      "module": "module.db",
      "mode": "managed",
      "type": "azurerm_sql_database",
      "name": "app-DB",
      "provider": "provider[\"registry.terraform.io/hashicorp/azurerm\"]",
      "instances": [
        {
          "schema_version": 0,
          "attributes": {
            "collation": "SQL_Latin1_General_CP1_CI_AS",
            "create_mode": "Default",
            "creation_date": "2022-12-21T15:03:51.263Z",
            "default_secondary_location": "West US",
            "edition": "GeneralPurpose",
            "elastic_pool_name": "",
            "encryption": "",
            "id": "/subscriptions/42675650-b369-4b31-8667-dc009a8da13f/resourceGroups/cloudLeagueResourceGroup/providers/Microsoft.Sql/servers/app-db-server1256/databases/app-db",
            "import": [],
            "location": "eastus",
            "max_size_bytes": "34359738368",
            "max_size_gb": null,
            "name": "app-db",
            "read_scale": false,
            "requested_service_objective_id": "f21733ad-9b9b-4d4e-a4fa-94a133c41718",
            "requested_service_objective_name": "GP_Gen5_2",
            "resource_group_name": "cloudLeagueResourceGroup",
            "restore_point_in_time": null,
            "server_name": "app-db-server1256",
            "source_database_deletion_date": null,
            "source_database_id": null,
            "tags": {},
            "threat_detection_policy": [
              {
                "disabled_alerts": [],
                "email_account_admins": "Disabled",
                "email_addresses": [],
                "retention_days": 0,
                "state": "Disabled",
                "storage_account_access_key": "",
                "storage_endpoint": ""
              }
            ],
            "timeouts": null,
            "zone_redundant": false
          },
          "sensitive_attributes": [],
          "private": "eyJlMmJmYjczMC1lY2FhLTExZTYtOGY4OC0zNDM2M2JjN2M0YzAiOnsiY3JlYXRlIjozNjAwMDAwMDAwMDAwLCJkZWxldGUiOjM2MDAwMDAwMDAwMDAsInJlYWQiOjMwMDAwMDAwMDAwMCwidXBkYXRlIjozNjAwMDAwMDAwMDAwfX0=",
          "dependencies": [
            "azurerm_resource_group.cloudLeagueResourceGroup",
            "module.db.azurerm_sql_server.app_DB_server",
            "module.virtual-network.azurerm_subnet.private_subnet1",
            "module.virtual-network.azurerm_virtual_network.vnet"
          ]
        }
      ]
    },
    {
      "module": "module.db",
      "mode": "managed",
      "type": "azurerm_sql_firewall_rule",
      "name": "example",
      "provider": "provider[\"registry.terraform.io/hashicorp/azurerm\"]",
      "instances": [
        {
          "schema_version": 0,
          "attributes": {
            "end_ip_address": "157.100.135.241",
            "id": "/subscriptions/42675650-b369-4b31-8667-dc009a8da13f/resourceGroups/cloudLeagueResourceGroup/providers/Microsoft.Sql/servers/app-db-server1256/firewallRules/FirewallRule1",
            "name": "FirewallRule1",
            "resource_group_name": "cloudLeagueResourceGroup",
            "server_name": "app-db-server1256",
            "start_ip_address": "157.100.135.241",
            "timeouts": null
          },
          "sensitive_attributes": [],
          "private": "eyJlMmJmYjczMC1lY2FhLTExZTYtOGY4OC0zNDM2M2JjN2M0YzAiOnsiY3JlYXRlIjoxODAwMDAwMDAwMDAwLCJkZWxldGUiOjE4MDAwMDAwMDAwMDAsInJlYWQiOjMwMDAwMDAwMDAwMCwidXBkYXRlIjoxODAwMDAwMDAwMDAwfX0=",
          "dependencies": [
            "azurerm_resource_group.cloudLeagueResourceGroup",
            "module.db.azurerm_sql_server.app_DB_server",
            "module.virtual-network.azurerm_subnet.private_subnet1",
            "module.virtual-network.azurerm_virtual_network.vnet"
          ]
        }
      ]
    },
    {
      "module": "module.db",
      "mode": "managed",
      "type": "azurerm_sql_server",
      "name": "app_DB_server",
      "provider": "provider[\"registry.terraform.io/hashicorp/azurerm\"]",
      "instances": [
        {
          "schema_version": 0,
          "attributes": {
            "administrator_login": "4dm1n157r470r",
            "administrator_login_password": "4-v3ry-53cr37-p455w0rd",
            "connection_policy": "Default",
            "fully_qualified_domain_name": "app-db-server1256.database.windows.net",
            "id": "/subscriptions/42675650-b369-4b31-8667-dc009a8da13f/resourceGroups/cloudLeagueResourceGroup/providers/Microsoft.Sql/servers/app-db-server1256",
            "identity": [],
            "location": "eastus",
            "name": "app-db-server1256",
            "resource_group_name": "cloudLeagueResourceGroup",
            "tags": {},
            "threat_detection_policy": [
              {
                "disabled_alerts": [
                  ""
                ],
                "email_account_admins": false,
                "email_addresses": [
                  ""
                ],
                "retention_days": 0,
                "state": "Disabled",
                "storage_account_access_key": "",
                "storage_endpoint": ""
              }
            ],
            "timeouts": null,
            "version": "12.0"
          },
          "sensitive_attributes": [],
          "private": "eyJlMmJmYjczMC1lY2FhLTExZTYtOGY4OC0zNDM2M2JjN2M0YzAiOnsiY3JlYXRlIjozNjAwMDAwMDAwMDAwLCJkZWxldGUiOjM2MDAwMDAwMDAwMDAsInJlYWQiOjMwMDAwMDAwMDAwMCwidXBkYXRlIjozNjAwMDAwMDAwMDAwfX0=",
          "dependencies": [
            "azurerm_resource_group.cloudLeagueResourceGroup",
            "module.virtual-network.azurerm_subnet.private_subnet1",
            "module.virtual-network.azurerm_virtual_network.vnet"
          ]
        }
      ]
    },
    {
      "module": "module.db",
      "mode": "managed",
      "type": "azurerm_sql_virtual_network_rule",
      "name": "sqlvnetrule",
      "provider": "provider[\"registry.terraform.io/hashicorp/azurerm\"]",
      "instances": [
        {
          "schema_version": 0,
          "attributes": {
            "id": "/subscriptions/42675650-b369-4b31-8667-dc009a8da13f/resourceGroups/cloudLeagueResourceGroup/providers/Microsoft.Sql/servers/app-db-server1256/virtualNetworkRules/sql-vnet-rule",
            "ignore_missing_vnet_service_endpoint": false,
            "name": "sql-vnet-rule",
            "resource_group_name": "cloudLeagueResourceGroup",
            "server_name": "app-db-server1256",
            "subnet_id": "/subscriptions/42675650-b369-4b31-8667-dc009a8da13f/resourceGroups/cloudLeagueResourceGroup/providers/Microsoft.Network/virtualNetworks/CloudLeague-vnet/subnets/private_subnet1",
            "timeouts": null
          },
          "sensitive_attributes": [],
          "private": "eyJlMmJmYjczMC1lY2FhLTExZTYtOGY4OC0zNDM2M2JjN2M0YzAiOnsiY3JlYXRlIjoxODAwMDAwMDAwMDAwLCJkZWxldGUiOjE4MDAwMDAwMDAwMDAsInJlYWQiOjMwMDAwMDAwMDAwMCwidXBkYXRlIjoxODAwMDAwMDAwMDAwfX0=",
          "dependencies": [
            "azurerm_resource_group.cloudLeagueResourceGroup",
            "module.db.azurerm_sql_server.app_DB_server",
            "module.virtual-network.azurerm_subnet.private_subnet1",
            "module.virtual-network.azurerm_virtual_network.vnet"
          ]
        }
      ]
    },
    {
      "module": "module.virtual-network",
      "mode": "managed",
      "type": "azurerm_subnet",
      "name": "private_subnet1",
      "provider": "provider[\"registry.terraform.io/hashicorp/azurerm\"]",
      "instances": [
        {
          "schema_version": 0,
          "attributes": {
            "address_prefixes": [
              "10.0.1.0/24"
            ],
            "delegation": [],
            "enforce_private_link_endpoint_network_policies": false,
            "enforce_private_link_service_network_policies": false,
            "id": "/subscriptions/42675650-b369-4b31-8667-dc009a8da13f/resourceGroups/cloudLeagueResourceGroup/providers/Microsoft.Network/virtualNetworks/CloudLeague-vnet/subnets/private_subnet1",
            "name": "private_subnet1",
            "private_endpoint_network_policies_enabled": true,
            "private_link_service_network_policies_enabled": true,
            "resource_group_name": "cloudLeagueResourceGroup",
            "service_endpoint_policy_ids": [],
            "service_endpoints": [
              "Microsoft.Sql"
            ],
            "timeouts": null,
            "virtual_network_name": "CloudLeague-vnet"
          },
          "sensitive_attributes": [],
          "private": "eyJlMmJmYjczMC1lY2FhLTExZTYtOGY4OC0zNDM2M2JjN2M0YzAiOnsiY3JlYXRlIjoxODAwMDAwMDAwMDAwLCJkZWxldGUiOjE4MDAwMDAwMDAwMDAsInJlYWQiOjMwMDAwMDAwMDAwMCwidXBkYXRlIjoxODAwMDAwMDAwMDAwfX0=",
          "dependencies": [
            "azurerm_resource_group.cloudLeagueResourceGroup",
            "module.virtual-network.azurerm_virtual_network.vnet"
          ]
        }
      ]
    },
    {
      "module": "module.virtual-network",
      "mode": "managed",
      "type": "azurerm_virtual_network",
      "name": "vnet",
      "provider": "provider[\"registry.terraform.io/hashicorp/azurerm\"]",
      "instances": [
        {
          "schema_version": 0,
          "attributes": {
            "address_space": [
              "10.0.0.0/16"
            ],
            "bgp_community": "",
            "ddos_protection_plan": [],
            "dns_servers": [],
            "edge_zone": "",
            "flow_timeout_in_minutes": 0,
            "guid": "02edca66-3678-4f58-926c-b25321cacf87",
            "id": "/subscriptions/42675650-b369-4b31-8667-dc009a8da13f/resourceGroups/cloudLeagueResourceGroup/providers/Microsoft.Network/virtualNetworks/CloudLeague-vnet",
            "location": "eastus",
            "name": "CloudLeague-vnet",
            "resource_group_name": "cloudLeagueResourceGroup",
            "subnet": [
              {
                "address_prefix": "10.0.1.0/24",
                "id": "/subscriptions/42675650-b369-4b31-8667-dc009a8da13f/resourceGroups/cloudLeagueResourceGroup/providers/Microsoft.Network/virtualNetworks/CloudLeague-vnet/subnets/private_subnet1",
                "name": "private_subnet1",
                "security_group": ""
              }
            ],
            "tags": {
              "Environment": "test",
              "Team": "Cloud-League"
            },
            "timeouts": null
          },
          "sensitive_attributes": [],
          "private": "eyJlMmJmYjczMC1lY2FhLTExZTYtOGY4OC0zNDM2M2JjN2M0YzAiOnsiY3JlYXRlIjoxODAwMDAwMDAwMDAwLCJkZWxldGUiOjE4MDAwMDAwMDAwMDAsInJlYWQiOjMwMDAwMDAwMDAwMCwidXBkYXRlIjoxODAwMDAwMDAwMDAwfX0=",
          "dependencies": [
            "azurerm_resource_group.cloudLeagueResourceGroup"
          ]
        }
      ]
    }
  ],
  "check_results": null
}
