{
  "version": 4,
  "terraform_version": "1.3.5",
  "serial": 13,
  "lineage": "c4357cee-c47c-e405-2d01-06515a3ba5dd",
  "outputs": {},
  "resources": [
    {
      "mode": "managed",
      "type": "azurerm_resource_group",
      "name": "cloudLeagueResourceGroup",
      "provider": "provider[\"registry.terraform.io/hashicorp/azurerm\"]",
      "instances": [
        {
          "schema_version": 0,
          "attributes": {
            "id": "/subscriptions/42675650-b369-4b31-8667-dc009a8da13f/resourceGroups/cloudLeagueResourceGroup",
            "location": "centralus",
            "name": "cloudLeagueResourceGroup",
            "tags": {},
            "timeouts": null
          },
          "sensitive_attributes": [],
          "private": "eyJlMmJmYjczMC1lY2FhLTExZTYtOGY4OC0zNDM2M2JjN2M0YzAiOnsiY3JlYXRlIjo1NDAwMDAwMDAwMDAwLCJkZWxldGUiOjU0MDAwMDAwMDAwMDAsInJlYWQiOjMwMDAwMDAwMDAwMCwidXBkYXRlIjo1NDAwMDAwMDAwMDAwfX0="
        }
      ]
    },
    {
      "module": "module.virtual-network",
      "mode": "managed",
      "type": "azurerm_virtual_network",
      "name": "vnet",
      "provider": "provider[\"registry.terraform.io/hashicorp/azurerm\"]",
      "instances": [
        {
          "schema_version": 0,
          "attributes": {
            "address_space": [
              "10.0.0.0/16"
            ],
            "bgp_community": "",
            "ddos_protection_plan": [],
            "dns_servers": [],
            "edge_zone": "",
            "flow_timeout_in_minutes": 0,
            "guid": "8fdcbf5d-f157-4650-8627-25cd58ef90a9",
            "id": "/subscriptions/42675650-b369-4b31-8667-dc009a8da13f/resourceGroups/cloudLeagueResourceGroup/providers/Microsoft.Network/virtualNetworks/CloudLeague-vnet",
            "location": "eastus",
            "name": "CloudLeague-vnet",
            "resource_group_name": "cloudLeagueResourceGroup",
            "subnet": [],
            "tags": {
              "Environment": "test",
              "Team": "Cloud-League"
            },
            "timeouts": null
          },
          "sensitive_attributes": [],
          "private": "eyJlMmJmYjczMC1lY2FhLTExZTYtOGY4OC0zNDM2M2JjN2M0YzAiOnsiY3JlYXRlIjoxODAwMDAwMDAwMDAwLCJkZWxldGUiOjE4MDAwMDAwMDAwMDAsInJlYWQiOjMwMDAwMDAwMDAwMCwidXBkYXRlIjoxODAwMDAwMDAwMDAwfX0="
        }
      ]
    }
  ],
  "check_results": null
}
