{
  "version": 4,
  "terraform_version": "1.3.5",
  "serial": 101,
  "lineage": "c4357cee-c47c-e405-2d01-06515a3ba5dd",
  "outputs": {},
  "resources": [
    {
      "mode": "managed",
      "type": "azurerm_resource_group",
      "name": "cloudLeagueResourceGroup",
      "provider": "provider[\"registry.terraform.io/hashicorp/azurerm\"]",
      "instances": [
        {
          "schema_version": 0,
          "attributes": {
            "id": "/subscriptions/42675650-b369-4b31-8667-dc009a8da13f/resourceGroups/cloudLeagueResourceGroup",
            "location": "eastus",
            "name": "cloudLeagueResourceGroup",
            "tags": null,
            "timeouts": null
          },
          "sensitive_attributes": [],
          "private": "eyJlMmJmYjczMC1lY2FhLTExZTYtOGY4OC0zNDM2M2JjN2M0YzAiOnsiY3JlYXRlIjo1NDAwMDAwMDAwMDAwLCJkZWxldGUiOjU0MDAwMDAwMDAwMDAsInJlYWQiOjMwMDAwMDAwMDAwMCwidXBkYXRlIjo1NDAwMDAwMDAwMDAwfX0="
        }
      ]
    },
    {
      "module": "module.db",
      "mode": "managed",
      "type": "azurerm_sql_database",
      "name": "app-DB",
      "provider": "provider[\"registry.terraform.io/hashicorp/azurerm\"]",
      "instances": [
        {
          "schema_version": 0,
          "attributes": {
            "collation": "SQL_Latin1_General_CP1_CI_AS",
            "create_mode": "Default",
            "creation_date": "2022-12-19T19:41:07.087Z",
            "default_secondary_location": "West US",
            "edition": "GeneralPurpose",
            "elastic_pool_name": "",
            "encryption": "",
            "id": "/subscriptions/42675650-b369-4b31-8667-dc009a8da13f/resourceGroups/cloudLeagueResourceGroup/providers/Microsoft.Sql/servers/app-db-server1256/databases/app-db",
            "import": [],
            "location": "eastus",
            "max_size_bytes": "34359738368",
            "max_size_gb": null,
            "name": "app-db",
            "read_scale": false,
            "requested_service_objective_id": "f21733ad-9b9b-4d4e-a4fa-94a133c41718",
            "requested_service_objective_name": "GP_Gen5_2",
            "resource_group_name": "cloudLeagueResourceGroup",
            "restore_point_in_time": null,
            "server_name": "app-db-server1256",
            "source_database_deletion_date": null,
            "source_database_id": null,
            "tags": null,
            "threat_detection_policy": [
              {
                "disabled_alerts": [],
                "email_account_admins": "Disabled",
                "email_addresses": [],
                "retention_days": 0,
                "state": "Disabled",
                "storage_account_access_key": "",
                "storage_endpoint": ""
              }
            ],
            "timeouts": null,
            "zone_redundant": false
          },
          "sensitive_attributes": [],
          "private": "eyJlMmJmYjczMC1lY2FhLTExZTYtOGY4OC0zNDM2M2JjN2M0YzAiOnsiY3JlYXRlIjozNjAwMDAwMDAwMDAwLCJkZWxldGUiOjM2MDAwMDAwMDAwMDAsInJlYWQiOjMwMDAwMDAwMDAwMCwidXBkYXRlIjozNjAwMDAwMDAwMDAwfX0=",
          "dependencies": [
            "azurerm_resource_group.cloudLeagueResourceGroup",
            "module.db.azurerm_sql_server.app_DB_server",
            "module.virtual-network.azurerm_subnet.private_subnet1",
            "module.virtual-network.azurerm_virtual_network.vnet"
          ]
        }
      ]
    },
    {
      "module": "module.db",
      "mode": "managed",
      "type": "azurerm_sql_server",
      "name": "app_DB_server",
      "provider": "provider[\"registry.terraform.io/hashicorp/azurerm\"]",
      "instances": [
        {
          "schema_version": 0,
          "attributes": {
            "administrator_login": "4dm1n157r470r",
            "administrator_login_password": "4-v3ry-53cr37-p455w0rd",
            "connection_policy": "Default",
            "fully_qualified_domain_name": "app-db-server1256.database.windows.net",
            "id": "/subscriptions/42675650-b369-4b31-8667-dc009a8da13f/resourceGroups/cloudLeagueResourceGroup/providers/Microsoft.Sql/servers/app-db-server1256",
            "identity": [],
            "location": "eastus",
            "name": "app-db-server1256",
            "resource_group_name": "cloudLeagueResourceGroup",
            "tags": null,
            "threat_detection_policy": [
              {
                "disabled_alerts": [
                  ""
                ],
                "email_account_admins": false,
                "email_addresses": [
                  ""
                ],
                "retention_days": 0,
                "state": "Disabled",
                "storage_account_access_key": "",
                "storage_endpoint": ""
              }
            ],
            "timeouts": null,
            "version": "12.0"
          },
          "sensitive_attributes": [],
          "private": "eyJlMmJmYjczMC1lY2FhLTExZTYtOGY4OC0zNDM2M2JjN2M0YzAiOnsiY3JlYXRlIjozNjAwMDAwMDAwMDAwLCJkZWxldGUiOjM2MDAwMDAwMDAwMDAsInJlYWQiOjMwMDAwMDAwMDAwMCwidXBkYXRlIjozNjAwMDAwMDAwMDAwfX0=",
          "dependencies": [
            "azurerm_resource_group.cloudLeagueResourceGroup",
            "module.virtual-network.azurerm_subnet.private_subnet1",
            "module.virtual-network.azurerm_virtual_network.vnet"
          ]
        }
      ]
    },
    {
      "module": "module.db",
      "mode": "managed",
      "type": "azurerm_sql_virtual_network_rule",
      "name": "sqlvnetrule",
      "provider": "provider[\"registry.terraform.io/hashicorp/azurerm\"]",
      "instances": [
        {
          "schema_version": 0,
          "attributes": {
            "id": "/subscriptions/42675650-b369-4b31-8667-dc009a8da13f/resourceGroups/cloudLeagueResourceGroup/providers/Microsoft.Sql/servers/app-db-server1256/virtualNetworkRules/sql-vnet-rule",
            "ignore_missing_vnet_service_endpoint": false,
            "name": "sql-vnet-rule",
            "resource_group_name": "cloudLeagueResourceGroup",
            "server_name": "app-db-server1256",
            "subnet_id": "/subscriptions/42675650-b369-4b31-8667-dc009a8da13f/resourceGroups/cloudLeagueResourceGroup/providers/Microsoft.Network/virtualNetworks/CloudLeague-vnet/subnets/private_subnet1",
            "timeouts": null
          },
          "sensitive_attributes": [],
          "private": "eyJlMmJmYjczMC1lY2FhLTExZTYtOGY4OC0zNDM2M2JjN2M0YzAiOnsiY3JlYXRlIjoxODAwMDAwMDAwMDAwLCJkZWxldGUiOjE4MDAwMDAwMDAwMDAsInJlYWQiOjMwMDAwMDAwMDAwMCwidXBkYXRlIjoxODAwMDAwMDAwMDAwfX0=",
          "dependencies": [
            "azurerm_resource_group.cloudLeagueResourceGroup",
            "module.db.azurerm_sql_server.app_DB_server",
            "module.virtual-network.azurerm_subnet.private_subnet1",
            "module.virtual-network.azurerm_virtual_network.vnet"
          ]
        }
      ]
    },
    {
      "module": "module.virtual-network",
      "mode": "managed",
      "type": "azurerm_subnet",
      "name": "private_subnet1",
      "provider": "provider[\"registry.terraform.io/hashicorp/azurerm\"]",
      "instances": [
        {
          "schema_version": 0,
          "attributes": {
            "address_prefixes": [
              "10.0.1.0/24"
            ],
            "delegation": [],
            "enforce_private_link_endpoint_network_policies": false,
            "enforce_private_link_service_network_policies": false,
            "id": "/subscriptions/42675650-b369-4b31-8667-dc009a8da13f/resourceGroups/cloudLeagueResourceGroup/providers/Microsoft.Network/virtualNetworks/CloudLeague-vnet/subnets/private_subnet1",
            "name": "private_subnet1",
            "private_endpoint_network_policies_enabled": true,
            "private_link_service_network_policies_enabled": true,
            "resource_group_name": "cloudLeagueResourceGroup",
            "service_endpoint_policy_ids": null,
            "service_endpoints": [
              "Microsoft.Sql"
            ],
            "timeouts": null,
            "virtual_network_name": "CloudLeague-vnet"
          },
          "sensitive_attributes": [],
          "private": "eyJlMmJmYjczMC1lY2FhLTExZTYtOGY4OC0zNDM2M2JjN2M0YzAiOnsiY3JlYXRlIjoxODAwMDAwMDAwMDAwLCJkZWxldGUiOjE4MDAwMDAwMDAwMDAsInJlYWQiOjMwMDAwMDAwMDAwMCwidXBkYXRlIjoxODAwMDAwMDAwMDAwfX0=",
          "dependencies": [
            "azurerm_resource_group.cloudLeagueResourceGroup",
            "module.virtual-network.azurerm_virtual_network.vnet"
          ]
        }
      ]
    },
    {
      "module": "module.virtual-network",
      "mode": "managed",
      "type": "azurerm_virtual_network",
      "name": "vnet",
      "provider": "provider[\"registry.terraform.io/hashicorp/azurerm\"]",
      "instances": [
        {
          "schema_version": 0,
          "attributes": {
            "address_space": [
              "10.0.0.0/16"
            ],
            "bgp_community": "",
            "ddos_protection_plan": [],
            "dns_servers": [],
            "edge_zone": "",
            "flow_timeout_in_minutes": 0,
            "guid": "aa1a36ae-6037-40d0-b795-062116008e28",
            "id": "/subscriptions/42675650-b369-4b31-8667-dc009a8da13f/resourceGroups/cloudLeagueResourceGroup/providers/Microsoft.Network/virtualNetworks/CloudLeague-vnet",
            "location": "eastus",
            "name": "CloudLeague-vnet",
            "resource_group_name": "cloudLeagueResourceGroup",
            "subnet": [],
            "tags": {
              "Environment": "test",
              "Team": "Cloud-League"
            },
            "timeouts": null
          },
          "sensitive_attributes": [],
          "private": "eyJlMmJmYjczMC1lY2FhLTExZTYtOGY4OC0zNDM2M2JjN2M0YzAiOnsiY3JlYXRlIjoxODAwMDAwMDAwMDAwLCJkZWxldGUiOjE4MDAwMDAwMDAwMDAsInJlYWQiOjMwMDAwMDAwMDAwMCwidXBkYXRlIjoxODAwMDAwMDAwMDAwfX0=",
          "dependencies": [
            "azurerm_resource_group.cloudLeagueResourceGroup"
          ]
        }
      ]
    }
  ],
  "check_results": null
}
